
Microsoft Visual Studio Solution File, Format Version 12.00
# Visual Studio Version 17
VisualStudioVersion = 17.0.31903.59
MinimumVisualStudioVersion = 10.0.40219.1
Project("{2150E333-8FDC-42A3-9474-1A3956D46DE8}") = "src", "src", "{827E0CD3-B72D-47B6-A68D-7590B98EB39B}"
EndProject
Project("{FAE04EC0-301F-11D3-BF4B-00C04F79EFBC}") = "RendrUI.Components", "src\RendrUI.Components\RendrUI.Components.csproj", "{87AD9056-BE43-459D-B60D-D2388538D58D}"
EndProject
Project("{FAE04EC0-301F-11D3-BF4B-00C04F79EFBC}") = "RendrUI.Sample", "src\RendrUI.Sample\RendrUI.Sample.csproj", "{E664E652-4B60-494F-A598-63E277E2B46F}"
EndProject
Project("{2150E333-8FDC-42A3-9474-1A3956D46DE8}") = "tests", "tests", "{0AB3BF05-4346-4AA6-1389-037BE0695223}"
EndProject
Project("{FAE04EC0-301F-11D3-BF4B-00C04F79EFBC}") = "RendrUI.ComponentsTests", "tests\RendrUI.ComponentsTests\RendrUI.ComponentsTests.csproj", "{62411FC2-B3E2-4390-9EDD-35F49E0BC018}"
EndProject
Project("{FAE04EC0-301F-11D3-BF4B-00C04F79EFBC}") = "RendrUI.Icons", "src\RendrUI.Icons\RendrUI.Icons.csproj", "{FB347DE5-FBBB-4329-BF16-1AF6374312FF}"
EndProject
Global
	GlobalSection(SolutionConfigurationPlatforms) = preSolution
		Debug|Any CPU = Debug|Any CPU
		Debug|x64 = Debug|x64
		Debug|x86 = Debug|x86
		Release|Any CPU = Release|Any CPU
		Release|x64 = Release|x64
		Release|x86 = Release|x86
	EndGlobalSection
	GlobalSection(ProjectConfigurationPlatforms) = postSolution
		{87AD9056-BE43-459D-B60D-D2388538D58D}.Debug|Any CPU.ActiveCfg = Debug|Any CPU
		{87AD9056-BE43-459D-B60D-D2388538D58D}.Debug|Any CPU.Build.0 = Debug|Any CPU
		{87AD9056-BE43-459D-B60D-D2388538D58D}.Debug|x64.ActiveCfg = Debug|Any CPU
		{87AD9056-BE43-459D-B60D-D2388538D58D}.Debug|x64.Build.0 = Debug|Any CPU
		{87AD9056-BE43-459D-B60D-D2388538D58D}.Debug|x86.ActiveCfg = Debug|Any CPU
		{87AD9056-BE43-459D-B60D-D2388538D58D}.Debug|x86.Build.0 = Debug|Any CPU
		{87AD9056-BE43-459D-B60D-D2388538D58D}.Release|Any CPU.ActiveCfg = Release|Any CPU
		{87AD9056-BE43-459D-B60D-D2388538D58D}.Release|Any CPU.Build.0 = Release|Any CPU
		{87AD9056-BE43-459D-B60D-D2388538D58D}.Release|x64.ActiveCfg = Release|Any CPU
		{87AD9056-BE43-459D-B60D-D2388538D58D}.Release|x64.Build.0 = Release|Any CPU
		{87AD9056-BE43-459D-B60D-D2388538D58D}.Release|x86.ActiveCfg = Release|Any CPU
		{87AD9056-BE43-459D-B60D-D2388538D58D}.Release|x86.Build.0 = Release|Any CPU
		{E664E652-4B60-494F-A598-63E277E2B46F}.Debug|Any CPU.ActiveCfg = Debug|Any CPU
		{E664E652-4B60-494F-A598-63E277E2B46F}.Debug|Any CPU.Build.0 = Debug|Any CPU
		{E664E652-4B60-494F-A598-63E277E2B46F}.Debug|x64.ActiveCfg = Debug|Any CPU
		{E664E652-4B60-494F-A598-63E277E2B46F}.Debug|x64.Build.0 = Debug|Any CPU
		{E664E652-4B60-494F-A598-63E277E2B46F}.Debug|x86.ActiveCfg = Debug|Any CPU
		{E664E652-4B60-494F-A598-63E277E2B46F}.Debug|x86.Build.0 = Debug|Any CPU
		{E664E652-4B60-494F-A598-63E277E2B46F}.Release|Any CPU.ActiveCfg = Release|Any CPU
		{E664E652-4B60-494F-A598-63E277E2B46F}.Release|Any CPU.Build.0 = Release|Any CPU
		{E664E652-4B60-494F-A598-63E277E2B46F}.Release|x64.ActiveCfg = Release|Any CPU
		{E664E652-4B60-494F-A598-63E277E2B46F}.Release|x64.Build.0 = Release|Any CPU
		{E664E652-4B60-494F-A598-63E277E2B46F}.Release|x86.ActiveCfg = Release|Any CPU
		{E664E652-4B60-494F-A598-63E277E2B46F}.Release|x86.Build.0 = Release|Any CPU
		{62411FC2-B3E2-4390-9EDD-35F49E0BC018}.Debug|Any CPU.ActiveCfg = Debug|Any CPU
		{62411FC2-B3E2-4390-9EDD-35F49E0BC018}.Debug|Any CPU.Build.0 = Debug|Any CPU
		{62411FC2-B3E2-4390-9EDD-35F49E0BC018}.Debug|x64.ActiveCfg = Debug|Any CPU
		{62411FC2-B3E2-4390-9EDD-35F49E0BC018}.Debug|x64.Build.0 = Debug|Any CPU
		{62411FC2-B3E2-4390-9EDD-35F49E0BC018}.Debug|x86.ActiveCfg = Debug|Any CPU
		{62411FC2-B3E2-4390-9EDD-35F49E0BC018}.Debug|x86.Build.0 = Debug|Any CPU
		{62411FC2-B3E2-4390-9EDD-35F49E0BC018}.Release|Any CPU.ActiveCfg = Release|Any CPU
		{62411FC2-B3E2-4390-9EDD-35F49E0BC018}.Release|Any CPU.Build.0 = Release|Any CPU
		{62411FC2-B3E2-4390-9EDD-35F49E0BC018}.Release|x64.ActiveCfg = Release|Any CPU
		{62411FC2-B3E2-4390-9EDD-35F49E0BC018}.Release|x64.Build.0 = Release|Any CPU
		{62411FC2-B3E2-4390-9EDD-35F49E0BC018}.Release|x86.ActiveCfg = Release|Any CPU
		{62411FC2-B3E2-4390-9EDD-35F49E0BC018}.Release|x86.Build.0 = Release|Any CPU
		{FB347DE5-FBBB-4329-BF16-1AF6374312FF}.Debug|Any CPU.ActiveCfg = Debug|Any CPU
		{FB347DE5-FBBB-4329-BF16-1AF6374312FF}.Debug|Any CPU.Build.0 = Debug|Any CPU
		{FB347DE5-FBBB-4329-BF16-1AF6374312FF}.Debug|x64.ActiveCfg = Debug|Any CPU
		{FB347DE5-FBBB-4329-BF16-1AF6374312FF}.Debug|x64.Build.0 = Debug|Any CPU
		{FB347DE5-FBBB-4329-BF16-1AF6374312FF}.Debug|x86.ActiveCfg = Debug|Any CPU
		{FB347DE5-FBBB-4329-BF16-1AF6374312FF}.Debug|x86.Build.0 = Debug|Any CPU
		{FB347DE5-FBBB-4329-BF16-1AF6374312FF}.Release|Any CPU.ActiveCfg = Release|Any CPU
		{FB347DE5-FBBB-4329-BF16-1AF6374312FF}.Release|Any CPU.Build.0 = Release|Any CPU
		{FB347DE5-FBBB-4329-BF16-1AF6374312FF}.Release|x64.ActiveCfg = Release|Any CPU
		{FB347DE5-FBBB-4329-BF16-1AF6374312FF}.Release|x64.Build.0 = Release|Any CPU
		{FB347DE5-FBBB-4329-BF16-1AF6374312FF}.Release|x86.ActiveCfg = Release|Any CPU
		{FB347DE5-FBBB-4329-BF16-1AF6374312FF}.Release|x86.Build.0 = Release|Any CPU
	EndGlobalSection
	GlobalSection(SolutionProperties) = preSolution
		HideSolutionNode = FALSE
	EndGlobalSection
	GlobalSection(NestedProjects) = preSolution
		{87AD9056-BE43-459D-B60D-D2388538D58D} = {827E0CD3-B72D-47B6-A68D-7590B98EB39B}
		{E664E652-4B60-494F-A598-63E277E2B46F} = {827E0CD3-B72D-47B6-A68D-7590B98EB39B}
		{62411FC2-B3E2-4390-9EDD-35F49E0BC018} = {0AB3BF05-4346-4AA6-1389-037BE0695223}
		{FB347DE5-FBBB-4329-BF16-1AF6374312FF} = {827E0CD3-B72D-47B6-A68D-7590B98EB39B}
	EndGlobalSection
EndGlobal
